
Microsoft Visual Studio Solution File, Format Version 12.00
# Visual Studio Version 17
VisualStudioVersion = 17.14.36623.8 d17.14
MinimumVisualStudioVersion = 10.0.40219.1
Project("{FAE04EC0-301F-11D3-BF4B-00C04F79EFBC}") = "BlogDataLibrary", "BlogDataLibrary\BlogDataLibrary.csproj", "{632050CB-0434-4838-BAC0-1ADF059AFAEC}"
EndProject
Project("{00D1A9C2-B5F0-4AF3-8072-F6C62B433612}") = "PanganBlogDB", "PanganBlogDB\PanganBlogDB.sqlproj", "{6CB87CEA-9995-43F6-9D7F-41E481C67C2E}"
EndProject
Project("{FAE04EC0-301F-11D3-BF4B-00C04F79EFBC}") = "BlogTestUI", "BlogTestUI\BlogTestUI.csproj", "{507869C9-8FD9-4E67-8E14-3472E7645167}"
EndProject
Global
	GlobalSection(SolutionConfigurationPlatforms) = preSolution
		Debug|Any CPU = Debug|Any CPU
		Release|Any CPU = Release|Any CPU
	EndGlobalSection
	GlobalSection(ProjectConfigurationPlatforms) = postSolution
		{632050CB-0434-4838-BAC0-1ADF059AFAEC}.Debug|Any CPU.ActiveCfg = Debug|Any CPU
		{632050CB-0434-4838-BAC0-1ADF059AFAEC}.Debug|Any CPU.Build.0 = Debug|Any CPU
		{632050CB-0434-4838-BAC0-1ADF059AFAEC}.Release|Any CPU.ActiveCfg = Release|Any CPU
		{632050CB-0434-4838-BAC0-1ADF059AFAEC}.Release|Any CPU.Build.0 = Release|Any CPU
		{6CB87CEA-9995-43F6-9D7F-41E481C67C2E}.Debug|Any CPU.ActiveCfg = Debug|Any CPU
		{6CB87CEA-9995-43F6-9D7F-41E481C67C2E}.Debug|Any CPU.Build.0 = Debug|Any CPU
		{6CB87CEA-9995-43F6-9D7F-41E481C67C2E}.Debug|Any CPU.Deploy.0 = Debug|Any CPU
		{6CB87CEA-9995-43F6-9D7F-41E481C67C2E}.Release|Any CPU.ActiveCfg = Release|Any CPU
		{6CB87CEA-9995-43F6-9D7F-41E481C67C2E}.Release|Any CPU.Build.0 = Release|Any CPU
		{6CB87CEA-9995-43F6-9D7F-41E481C67C2E}.Release|Any CPU.Deploy.0 = Release|Any CPU
		{507869C9-8FD9-4E67-8E14-3472E7645167}.Debug|Any CPU.ActiveCfg = Debug|Any CPU
		{507869C9-8FD9-4E67-8E14-3472E7645167}.Debug|Any CPU.Build.0 = Debug|Any CPU
		{507869C9-8FD9-4E67-8E14-3472E7645167}.Release|Any CPU.ActiveCfg = Release|Any CPU
		{507869C9-8FD9-4E67-8E14-3472E7645167}.Release|Any CPU.Build.0 = Release|Any CPU
	EndGlobalSection
	GlobalSection(SolutionProperties) = preSolution
		HideSolutionNode = FALSE
	EndGlobalSection
	GlobalSection(ExtensibilityGlobals) = postSolution
		SolutionGuid = {D48671C9-ED43-4EBB-A28B-F5F72BEDD2B9}
	EndGlobalSection
EndGlobal
